
Microsoft Visual Studio Solution File, Format Version 12.00
# Visual Studio 14
VisualStudioVersion = 14.0.25420.1
MinimumVisualStudioVersion = 10.0.40219.1
Project("{FAE04EC0-301F-11D3-BF4B-00C04F79EFBC}") = "LIMMA.Droid", "LIMMA\LIMMA.Droid\LIMMA.Droid.csproj", "{B741D73C-E098-47B7-AC55-7E1C2FF71788}"
EndProject
Project("{FAE04EC0-301F-11D3-BF4B-00C04F79EFBC}") = "LIMMA.iOS", "LIMMA\LIMMA.iOS\LIMMA.iOS.csproj", "{4AEC4445-134A-40B2-9E62-3DD3007D8E13}"
EndProject
Project("{FAE04EC0-301F-11D3-BF4B-00C04F79EFBC}") = "LIMMA.WinPhone", "LIMMA\LIMMA.WinPhone\LIMMA.WinPhone.csproj", "{2B176F80-6C0C-4296-A63B-C1459971D438}"
EndProject
Project("{FAE04EC0-301F-11D3-BF4B-00C04F79EFBC}") = "LIMMA.UWP", "LIMMA\LIMMA.UWP\LIMMA.UWP.csproj", "{644F624B-579B-4938-A7C3-A2F907D52C31}"
EndProject
Project("{FAE04EC0-301F-11D3-BF4B-00C04F79EFBC}") = "LIMMA.Windows", "LIMMA\LIMMA.Windows\LIMMA.Windows.csproj", "{D7B7D39C-A6E7-49CF-B198-0DDC0B93D053}"
EndProject
Project("{FAE04EC0-301F-11D3-BF4B-00C04F79EFBC}") = "LIMMA", "LIMMA\LIMMA\LIMMA.csproj", "{AA9B8F8F-9B63-43D0-8FFC-55566201F580}"
EndProject
Global
	GlobalSection(SolutionConfigurationPlatforms) = preSolution
		Ad-Hoc|Any CPU = Ad-Hoc|Any CPU
		Ad-Hoc|ARM = Ad-Hoc|ARM
		Ad-Hoc|iPhone = Ad-Hoc|iPhone
		Ad-Hoc|iPhoneSimulator = Ad-Hoc|iPhoneSimulator
		Ad-Hoc|x64 = Ad-Hoc|x64
		Ad-Hoc|x86 = Ad-Hoc|x86
		AppStore|Any CPU = AppStore|Any CPU
		AppStore|ARM = AppStore|ARM
		AppStore|iPhone = AppStore|iPhone
		AppStore|iPhoneSimulator = AppStore|iPhoneSimulator
		AppStore|x64 = AppStore|x64
		AppStore|x86 = AppStore|x86
		Debug|Any CPU = Debug|Any CPU
		Debug|ARM = Debug|ARM
		Debug|iPhone = Debug|iPhone
		Debug|iPhoneSimulator = Debug|iPhoneSimulator
		Debug|x64 = Debug|x64
		Debug|x86 = Debug|x86
		Release|Any CPU = Release|Any CPU
		Release|ARM = Release|ARM
		Release|iPhone = Release|iPhone
		Release|iPhoneSimulator = Release|iPhoneSimulator
		Release|x64 = Release|x64
		Release|x86 = Release|x86
	EndGlobalSection
	GlobalSection(ProjectConfigurationPlatforms) = postSolution
		{B741D73C-E098-47B7-AC55-7E1C2FF71788}.Ad-Hoc|Any CPU.ActiveCfg = Release|Any CPU
		{B741D73C-E098-47B7-AC55-7E1C2FF71788}.Ad-Hoc|Any CPU.Build.0 = Release|Any CPU
		{B741D73C-E098-47B7-AC55-7E1C2FF71788}.Ad-Hoc|Any CPU.Deploy.0 = Release|Any CPU
		{B741D73C-E098-47B7-AC55-7E1C2FF71788}.Ad-Hoc|ARM.ActiveCfg = Release|Any CPU
		{B741D73C-E098-47B7-AC55-7E1C2FF71788}.Ad-Hoc|ARM.Build.0 = Release|Any CPU
		{B741D73C-E098-47B7-AC55-7E1C2FF71788}.Ad-Hoc|ARM.Deploy.0 = Release|Any CPU
		{B741D73C-E098-47B7-AC55-7E1C2FF71788}.Ad-Hoc|iPhone.ActiveCfg = Release|Any CPU
		{B741D73C-E098-47B7-AC55-7E1C2FF71788}.Ad-Hoc|iPhone.Build.0 = Release|Any CPU
		{B741D73C-E098-47B7-AC55-7E1C2FF71788}.Ad-Hoc|iPhone.Deploy.0 = Release|Any CPU
		{B741D73C-E098-47B7-AC55-7E1C2FF71788}.Ad-Hoc|iPhoneSimulator.ActiveCfg = Release|Any CPU
		{B741D73C-E098-47B7-AC55-7E1C2FF71788}.Ad-Hoc|iPhoneSimulator.Build.0 = Release|Any CPU
		{B741D73C-E098-47B7-AC55-7E1C2FF71788}.Ad-Hoc|iPhoneSimulator.Deploy.0 = Release|Any CPU
		{B741D73C-E098-47B7-AC55-7E1C2FF71788}.Ad-Hoc|x64.ActiveCfg = Release|Any CPU
		{B741D73C-E098-47B7-AC55-7E1C2FF71788}.Ad-Hoc|x64.Build.0 = Release|Any CPU
		{B741D73C-E098-47B7-AC55-7E1C2FF71788}.Ad-Hoc|x64.Deploy.0 = Release|Any CPU
		{B741D73C-E098-47B7-AC55-7E1C2FF71788}.Ad-Hoc|x86.ActiveCfg = Release|Any CPU
		{B741D73C-E098-47B7-AC55-7E1C2FF71788}.Ad-Hoc|x86.Build.0 = Release|Any CPU
		{B741D73C-E098-47B7-AC55-7E1C2FF71788}.Ad-Hoc|x86.Deploy.0 = Release|Any CPU
		{B741D73C-E098-47B7-AC55-7E1C2FF71788}.AppStore|Any CPU.ActiveCfg = Release|Any CPU
		{B741D73C-E098-47B7-AC55-7E1C2FF71788}.AppStore|Any CPU.Build.0 = Release|Any CPU
		{B741D73C-E098-47B7-AC55-7E1C2FF71788}.AppStore|Any CPU.Deploy.0 = Release|Any CPU
		{B741D73C-E098-47B7-AC55-7E1C2FF71788}.AppStore|ARM.ActiveCfg = Release|Any CPU
		{B741D73C-E098-47B7-AC55-7E1C2FF71788}.AppStore|ARM.Build.0 = Release|Any CPU
		{B741D73C-E098-47B7-AC55-7E1C2FF71788}.AppStore|ARM.Deploy.0 = Release|Any CPU
		{B741D73C-E098-47B7-AC55-7E1C2FF71788}.AppStore|iPhone.ActiveCfg = Release|Any CPU
		{B741D73C-E098-47B7-AC55-7E1C2FF71788}.AppStore|iPhone.Build.0 = Release|Any CPU
		{B741D73C-E098-47B7-AC55-7E1C2FF71788}.AppStore|iPhone.Deploy.0 = Release|Any CPU
		{B741D73C-E098-47B7-AC55-7E1C2FF71788}.AppStore|iPhoneSimulator.ActiveCfg = Release|Any CPU
		{B741D73C-E098-47B7-AC55-7E1C2FF71788}.AppStore|iPhoneSimulator.Build.0 = Release|Any CPU
		{B741D73C-E098-47B7-AC55-7E1C2FF71788}.AppStore|iPhoneSimulator.Deploy.0 = Release|Any CPU
		{B741D73C-E098-47B7-AC55-7E1C2FF71788}.AppStore|x64.ActiveCfg = Release|Any CPU
		{B741D73C-E098-47B7-AC55-7E1C2FF71788}.AppStore|x64.Build.0 = Release|Any CPU
		{B741D73C-E098-47B7-AC55-7E1C2FF71788}.AppStore|x64.Deploy.0 = Release|Any CPU
		{B741D73C-E098-47B7-AC55-7E1C2FF71788}.AppStore|x86.ActiveCfg = Release|Any CPU
		{B741D73C-E098-47B7-AC55-7E1C2FF71788}.AppStore|x86.Build.0 = Release|Any CPU
		{B741D73C-E098-47B7-AC55-7E1C2FF71788}.AppStore|x86.Deploy.0 = Release|Any CPU
		{B741D73C-E098-47B7-AC55-7E1C2FF71788}.Debug|Any CPU.ActiveCfg = Debug|Any CPU
		{B741D73C-E098-47B7-AC55-7E1C2FF71788}.Debug|Any CPU.Build.0 = Debug|Any CPU
		{B741D73C-E098-47B7-AC55-7E1C2FF71788}.Debug|Any CPU.Deploy.0 = Debug|Any CPU
		{B741D73C-E098-47B7-AC55-7E1C2FF71788}.Debug|ARM.ActiveCfg = Debug|Any CPU
		{B741D73C-E098-47B7-AC55-7E1C2FF71788}.Debug|ARM.Build.0 = Debug|Any CPU
		{B741D73C-E098-47B7-AC55-7E1C2FF71788}.Debug|ARM.Deploy.0 = Debug|Any CPU
		{B741D73C-E098-47B7-AC55-7E1C2FF71788}.Debug|iPhone.ActiveCfg = Debug|Any CPU
		{B741D73C-E098-47B7-AC55-7E1C2FF71788}.Debug|iPhone.Build.0 = Debug|Any CPU
		{B741D73C-E098-47B7-AC55-7E1C2FF71788}.Debug|iPhone.Deploy.0 = Debug|Any CPU
		{B741D73C-E098-47B7-AC55-7E1C2FF71788}.Debug|iPhoneSimulator.ActiveCfg = Debug|Any CPU
		{B741D73C-E098-47B7-AC55-7E1C2FF71788}.Debug|iPhoneSimulator.Build.0 = Debug|Any CPU
		{B741D73C-E098-47B7-AC55-7E1C2FF71788}.Debug|iPhoneSimulator.Deploy.0 = Debug|Any CPU
		{B741D73C-E098-47B7-AC55-7E1C2FF71788}.Debug|x64.ActiveCfg = Debug|Any CPU
		{B741D73C-E098-47B7-AC55-7E1C2FF71788}.Debug|x64.Build.0 = Debug|Any CPU
		{B741D73C-E098-47B7-AC55-7E1C2FF71788}.Debug|x64.Deploy.0 = Debug|Any CPU
		{B741D73C-E098-47B7-AC55-7E1C2FF71788}.Debug|x86.ActiveCfg = Debug|Any CPU
		{B741D73C-E098-47B7-AC55-7E1C2FF71788}.Debug|x86.Build.0 = Debug|Any CPU
		{B741D73C-E098-47B7-AC55-7E1C2FF71788}.Debug|x86.Deploy.0 = Debug|Any CPU
		{B741D73C-E098-47B7-AC55-7E1C2FF71788}.Release|Any CPU.ActiveCfg = Release|Any CPU
		{B741D73C-E098-47B7-AC55-7E1C2FF71788}.Release|Any CPU.Build.0 = Release|Any CPU
		{B741D73C-E098-47B7-AC55-7E1C2FF71788}.Release|Any CPU.Deploy.0 = Release|Any CPU
		{B741D73C-E098-47B7-AC55-7E1C2FF71788}.Release|ARM.ActiveCfg = Release|Any CPU
		{B741D73C-E098-47B7-AC55-7E1C2FF71788}.Release|ARM.Build.0 = Release|Any CPU
		{B741D73C-E098-47B7-AC55-7E1C2FF71788}.Release|ARM.Deploy.0 = Release|Any CPU
		{B741D73C-E098-47B7-AC55-7E1C2FF71788}.Release|iPhone.ActiveCfg = Release|Any CPU
		{B741D73C-E098-47B7-AC55-7E1C2FF71788}.Release|iPhone.Build.0 = Release|Any CPU
		{B741D73C-E098-47B7-AC55-7E1C2FF71788}.Release|iPhone.Deploy.0 = Release|Any CPU
		{B741D73C-E098-47B7-AC55-7E1C2FF71788}.Release|iPhoneSimulator.ActiveCfg = Release|Any CPU
		{B741D73C-E098-47B7-AC55-7E1C2FF71788}.Release|iPhoneSimulator.Build.0 = Release|Any CPU
		{B741D73C-E098-47B7-AC55-7E1C2FF71788}.Release|iPhoneSimulator.Deploy.0 = Release|Any CPU
		{B741D73C-E098-47B7-AC55-7E1C2FF71788}.Release|x64.ActiveCfg = Release|Any CPU
		{B741D73C-E098-47B7-AC55-7E1C2FF71788}.Release|x64.Build.0 = Release|Any CPU
		{B741D73C-E098-47B7-AC55-7E1C2FF71788}.Release|x64.Deploy.0 = Release|Any CPU
		{B741D73C-E098-47B7-AC55-7E1C2FF71788}.Release|x86.ActiveCfg = Release|Any CPU
		{B741D73C-E098-47B7-AC55-7E1C2FF71788}.Release|x86.Build.0 = Release|Any CPU
		{B741D73C-E098-47B7-AC55-7E1C2FF71788}.Release|x86.Deploy.0 = Release|Any CPU
		{4AEC4445-134A-40B2-9E62-3DD3007D8E13}.Ad-Hoc|Any CPU.ActiveCfg = Ad-Hoc|iPhone
		{4AEC4445-134A-40B2-9E62-3DD3007D8E13}.Ad-Hoc|ARM.ActiveCfg = Ad-Hoc|iPhone
		{4AEC4445-134A-40B2-9E62-3DD3007D8E13}.Ad-Hoc|iPhone.ActiveCfg = Ad-Hoc|iPhone
		{4AEC4445-134A-40B2-9E62-3DD3007D8E13}.Ad-Hoc|iPhone.Build.0 = Ad-Hoc|iPhone
		{4AEC4445-134A-40B2-9E62-3DD3007D8E13}.Ad-Hoc|iPhoneSimulator.ActiveCfg = Ad-Hoc|iPhoneSimulator
		{4AEC4445-134A-40B2-9E62-3DD3007D8E13}.Ad-Hoc|iPhoneSimulator.Build.0 = Ad-Hoc|iPhoneSimulator
		{4AEC4445-134A-40B2-9E62-3DD3007D8E13}.Ad-Hoc|x64.ActiveCfg = Ad-Hoc|iPhone
		{4AEC4445-134A-40B2-9E62-3DD3007D8E13}.Ad-Hoc|x86.ActiveCfg = Ad-Hoc|iPhone
		{4AEC4445-134A-40B2-9E62-3DD3007D8E13}.AppStore|Any CPU.ActiveCfg = AppStore|iPhone
		{4AEC4445-134A-40B2-9E62-3DD3007D8E13}.AppStore|ARM.ActiveCfg = AppStore|iPhone
		{4AEC4445-134A-40B2-9E62-3DD3007D8E13}.AppStore|iPhone.ActiveCfg = AppStore|iPhone
		{4AEC4445-134A-40B2-9E62-3DD3007D8E13}.AppStore|iPhone.Build.0 = AppStore|iPhone
		{4AEC4445-134A-40B2-9E62-3DD3007D8E13}.AppStore|iPhoneSimulator.ActiveCfg = AppStore|iPhoneSimulator
		{4AEC4445-134A-40B2-9E62-3DD3007D8E13}.AppStore|iPhoneSimulator.Build.0 = AppStore|iPhoneSimulator
		{4AEC4445-134A-40B2-9E62-3DD3007D8E13}.AppStore|x64.ActiveCfg = AppStore|iPhone
		{4AEC4445-134A-40B2-9E62-3DD3007D8E13}.AppStore|x86.ActiveCfg = AppStore|iPhone
		{4AEC4445-134A-40B2-9E62-3DD3007D8E13}.Debug|Any CPU.ActiveCfg = Debug|iPhone
		{4AEC4445-134A-40B2-9E62-3DD3007D8E13}.Debug|ARM.ActiveCfg = Debug|iPhone
		{4AEC4445-134A-40B2-9E62-3DD3007D8E13}.Debug|iPhone.ActiveCfg = Debug|iPhone
		{4AEC4445-134A-40B2-9E62-3DD3007D8E13}.Debug|iPhone.Build.0 = Debug|iPhone
		{4AEC4445-134A-40B2-9E62-3DD3007D8E13}.Debug|iPhoneSimulator.ActiveCfg = Debug|iPhoneSimulator
		{4AEC4445-134A-40B2-9E62-3DD3007D8E13}.Debug|iPhoneSimulator.Build.0 = Debug|iPhoneSimulator
		{4AEC4445-134A-40B2-9E62-3DD3007D8E13}.Debug|x64.ActiveCfg = Debug|iPhone
		{4AEC4445-134A-40B2-9E62-3DD3007D8E13}.Debug|x86.ActiveCfg = Debug|iPhone
		{4AEC4445-134A-40B2-9E62-3DD3007D8E13}.Release|Any CPU.ActiveCfg = Release|iPhone
		{4AEC4445-134A-40B2-9E62-3DD3007D8E13}.Release|ARM.ActiveCfg = Release|iPhone
		{4AEC4445-134A-40B2-9E62-3DD3007D8E13}.Release|iPhone.ActiveCfg = Release|iPhone
		{4AEC4445-134A-40B2-9E62-3DD3007D8E13}.Release|iPhone.Build.0 = Release|iPhone
		{4AEC4445-134A-40B2-9E62-3DD3007D8E13}.Release|iPhoneSimulator.ActiveCfg = Release|iPhoneSimulator
		{4AEC4445-134A-40B2-9E62-3DD3007D8E13}.Release|iPhoneSimulator.Build.0 = Release|iPhoneSimulator
		{4AEC4445-134A-40B2-9E62-3DD3007D8E13}.Release|x64.ActiveCfg = Release|iPhone
		{4AEC4445-134A-40B2-9E62-3DD3007D8E13}.Release|x86.ActiveCfg = Release|iPhone
		{2B176F80-6C0C-4296-A63B-C1459971D438}.Ad-Hoc|Any CPU.ActiveCfg = Release|Any CPU
		{2B176F80-6C0C-4296-A63B-C1459971D438}.Ad-Hoc|Any CPU.Build.0 = Release|Any CPU
		{2B176F80-6C0C-4296-A63B-C1459971D438}.Ad-Hoc|Any CPU.Deploy.0 = Release|Any CPU
		{2B176F80-6C0C-4296-A63B-C1459971D438}.Ad-Hoc|ARM.ActiveCfg = Release|ARM
		{2B176F80-6C0C-4296-A63B-C1459971D438}.Ad-Hoc|ARM.Build.0 = Release|ARM
		{2B176F80-6C0C-4296-A63B-C1459971D438}.Ad-Hoc|ARM.Deploy.0 = Release|ARM
		{2B176F80-6C0C-4296-A63B-C1459971D438}.Ad-Hoc|iPhone.ActiveCfg = Release|Any CPU
		{2B176F80-6C0C-4296-A63B-C1459971D438}.Ad-Hoc|iPhone.Build.0 = Release|Any CPU
		{2B176F80-6C0C-4296-A63B-C1459971D438}.Ad-Hoc|iPhone.Deploy.0 = Release|Any CPU
		{2B176F80-6C0C-4296-A63B-C1459971D438}.Ad-Hoc|iPhoneSimulator.ActiveCfg = Release|Any CPU
		{2B176F80-6C0C-4296-A63B-C1459971D438}.Ad-Hoc|iPhoneSimulator.Build.0 = Release|Any CPU
		{2B176F80-6C0C-4296-A63B-C1459971D438}.Ad-Hoc|iPhoneSimulator.Deploy.0 = Release|Any CPU
		{2B176F80-6C0C-4296-A63B-C1459971D438}.Ad-Hoc|x64.ActiveCfg = Release|Any CPU
		{2B176F80-6C0C-4296-A63B-C1459971D438}.Ad-Hoc|x64.Build.0 = Release|Any CPU
		{2B176F80-6C0C-4296-A63B-C1459971D438}.Ad-Hoc|x64.Deploy.0 = Release|Any CPU
		{2B176F80-6C0C-4296-A63B-C1459971D438}.Ad-Hoc|x86.ActiveCfg = Release|x86
		{2B176F80-6C0C-4296-A63B-C1459971D438}.Ad-Hoc|x86.Build.0 = Release|x86
		{2B176F80-6C0C-4296-A63B-C1459971D438}.Ad-Hoc|x86.Deploy.0 = Release|x86
		{2B176F80-6C0C-4296-A63B-C1459971D438}.AppStore|Any CPU.ActiveCfg = Release|Any CPU
		{2B176F80-6C0C-4296-A63B-C1459971D438}.AppStore|Any CPU.Build.0 = Release|Any CPU
		{2B176F80-6C0C-4296-A63B-C1459971D438}.AppStore|Any CPU.Deploy.0 = Release|Any CPU
		{2B176F80-6C0C-4296-A63B-C1459971D438}.AppStore|ARM.ActiveCfg = Release|ARM
		{2B176F80-6C0C-4296-A63B-C1459971D438}.AppStore|ARM.Build.0 = Release|ARM
		{2B176F80-6C0C-4296-A63B-C1459971D438}.AppStore|ARM.Deploy.0 = Release|ARM
		{2B176F80-6C0C-4296-A63B-C1459971D438}.AppStore|iPhone.ActiveCfg = Release|Any CPU
		{2B176F80-6C0C-4296-A63B-C1459971D438}.AppStore|iPhone.Build.0 = Release|Any CPU
		{2B176F80-6C0C-4296-A63B-C1459971D438}.AppStore|iPhone.Deploy.0 = Release|Any CPU
		{2B176F80-6C0C-4296-A63B-C1459971D438}.AppStore|iPhoneSimulator.ActiveCfg = Release|Any CPU
		{2B176F80-6C0C-4296-A63B-C1459971D438}.AppStore|iPhoneSimulator.Build.0 = Release|Any CPU
		{2B176F80-6C0C-4296-A63B-C1459971D438}.AppStore|iPhoneSimulator.Deploy.0 = Release|Any CPU
		{2B176F80-6C0C-4296-A63B-C1459971D438}.AppStore|x64.ActiveCfg = Release|Any CPU
		{2B176F80-6C0C-4296-A63B-C1459971D438}.AppStore|x64.Build.0 = Release|Any CPU
		{2B176F80-6C0C-4296-A63B-C1459971D438}.AppStore|x64.Deploy.0 = Release|Any CPU
		{2B176F80-6C0C-4296-A63B-C1459971D438}.AppStore|x86.ActiveCfg = Release|x86
		{2B176F80-6C0C-4296-A63B-C1459971D438}.AppStore|x86.Build.0 = Release|x86
		{2B176F80-6C0C-4296-A63B-C1459971D438}.AppStore|x86.Deploy.0 = Release|x86
		{2B176F80-6C0C-4296-A63B-C1459971D438}.Debug|Any CPU.ActiveCfg = Debug|Any CPU
		{2B176F80-6C0C-4296-A63B-C1459971D438}.Debug|Any CPU.Build.0 = Debug|Any CPU
		{2B176F80-6C0C-4296-A63B-C1459971D438}.Debug|Any CPU.Deploy.0 = Debug|Any CPU
		{2B176F80-6C0C-4296-A63B-C1459971D438}.Debug|ARM.ActiveCfg = Debug|ARM
		{2B176F80-6C0C-4296-A63B-C1459971D438}.Debug|ARM.Build.0 = Debug|ARM
		{2B176F80-6C0C-4296-A63B-C1459971D438}.Debug|ARM.Deploy.0 = Debug|ARM
		{2B176F80-6C0C-4296-A63B-C1459971D438}.Debug|iPhone.ActiveCfg = Debug|Any CPU
		{2B176F80-6C0C-4296-A63B-C1459971D438}.Debug|iPhone.Build.0 = Debug|Any CPU
		{2B176F80-6C0C-4296-A63B-C1459971D438}.Debug|iPhone.Deploy.0 = Debug|Any CPU
		{2B176F80-6C0C-4296-A63B-C1459971D438}.Debug|iPhoneSimulator.ActiveCfg = Debug|Any CPU
		{2B176F80-6C0C-4296-A63B-C1459971D438}.Debug|iPhoneSimulator.Build.0 = Debug|Any CPU
		{2B176F80-6C0C-4296-A63B-C1459971D438}.Debug|iPhoneSimulator.Deploy.0 = Debug|Any CPU
		{2B176F80-6C0C-4296-A63B-C1459971D438}.Debug|x64.ActiveCfg = Debug|Any CPU
		{2B176F80-6C0C-4296-A63B-C1459971D438}.Debug|x64.Build.0 = Debug|Any CPU
		{2B176F80-6C0C-4296-A63B-C1459971D438}.Debug|x64.Deploy.0 = Debug|Any CPU
		{2B176F80-6C0C-4296-A63B-C1459971D438}.Debug|x86.ActiveCfg = Debug|x86
		{2B176F80-6C0C-4296-A63B-C1459971D438}.Debug|x86.Build.0 = Debug|x86
		{2B176F80-6C0C-4296-A63B-C1459971D438}.Debug|x86.Deploy.0 = Debug|x86
		{2B176F80-6C0C-4296-A63B-C1459971D438}.Release|Any CPU.ActiveCfg = Release|Any CPU
		{2B176F80-6C0C-4296-A63B-C1459971D438}.Release|Any CPU.Build.0 = Release|Any CPU
		{2B176F80-6C0C-4296-A63B-C1459971D438}.Release|Any CPU.Deploy.0 = Release|Any CPU
		{2B176F80-6C0C-4296-A63B-C1459971D438}.Release|ARM.ActiveCfg = Release|ARM
		{2B176F80-6C0C-4296-A63B-C1459971D438}.Release|ARM.Build.0 = Release|ARM
		{2B176F80-6C0C-4296-A63B-C1459971D438}.Release|ARM.Deploy.0 = Release|ARM
		{2B176F80-6C0C-4296-A63B-C1459971D438}.Release|iPhone.ActiveCfg = Release|Any CPU
		{2B176F80-6C0C-4296-A63B-C1459971D438}.Release|iPhone.Build.0 = Release|Any CPU
		{2B176F80-6C0C-4296-A63B-C1459971D438}.Release|iPhone.Deploy.0 = Release|Any CPU
		{2B176F80-6C0C-4296-A63B-C1459971D438}.Release|iPhoneSimulator.ActiveCfg = Release|Any CPU
		{2B176F80-6C0C-4296-A63B-C1459971D438}.Release|iPhoneSimulator.Build.0 = Release|Any CPU
		{2B176F80-6C0C-4296-A63B-C1459971D438}.Release|iPhoneSimulator.Deploy.0 = Release|Any CPU
		{2B176F80-6C0C-4296-A63B-C1459971D438}.Release|x64.ActiveCfg = Release|Any CPU
		{2B176F80-6C0C-4296-A63B-C1459971D438}.Release|x64.Build.0 = Release|Any CPU
		{2B176F80-6C0C-4296-A63B-C1459971D438}.Release|x64.Deploy.0 = Release|Any CPU
		{2B176F80-6C0C-4296-A63B-C1459971D438}.Release|x86.ActiveCfg = Release|x86
		{2B176F80-6C0C-4296-A63B-C1459971D438}.Release|x86.Build.0 = Release|x86
		{2B176F80-6C0C-4296-A63B-C1459971D438}.Release|x86.Deploy.0 = Release|x86
		{644F624B-579B-4938-A7C3-A2F907D52C31}.Ad-Hoc|Any CPU.ActiveCfg = Release|x86
		{644F624B-579B-4938-A7C3-A2F907D52C31}.Ad-Hoc|Any CPU.Build.0 = Release|x86
		{644F624B-579B-4938-A7C3-A2F907D52C31}.Ad-Hoc|Any CPU.Deploy.0 = Release|x86
		{644F624B-579B-4938-A7C3-A2F907D52C31}.Ad-Hoc|ARM.ActiveCfg = Release|ARM
		{644F624B-579B-4938-A7C3-A2F907D52C31}.Ad-Hoc|ARM.Build.0 = Release|ARM
		{644F624B-579B-4938-A7C3-A2F907D52C31}.Ad-Hoc|ARM.Deploy.0 = Release|ARM
		{644F624B-579B-4938-A7C3-A2F907D52C31}.Ad-Hoc|iPhone.ActiveCfg = Release|x86
		{644F624B-579B-4938-A7C3-A2F907D52C31}.Ad-Hoc|iPhone.Build.0 = Release|x86
		{644F624B-579B-4938-A7C3-A2F907D52C31}.Ad-Hoc|iPhone.Deploy.0 = Release|x86
		{644F624B-579B-4938-A7C3-A2F907D52C31}.Ad-Hoc|iPhoneSimulator.ActiveCfg = Release|x86
		{644F624B-579B-4938-A7C3-A2F907D52C31}.Ad-Hoc|iPhoneSimulator.Build.0 = Release|x86
		{644F624B-579B-4938-A7C3-A2F907D52C31}.Ad-Hoc|iPhoneSimulator.Deploy.0 = Release|x86
		{644F624B-579B-4938-A7C3-A2F907D52C31}.Ad-Hoc|x64.ActiveCfg = Release|x64
		{644F624B-579B-4938-A7C3-A2F907D52C31}.Ad-Hoc|x64.Build.0 = Release|x64
		{644F624B-579B-4938-A7C3-A2F907D52C31}.Ad-Hoc|x64.Deploy.0 = Release|x64
		{644F624B-579B-4938-A7C3-A2F907D52C31}.Ad-Hoc|x86.ActiveCfg = Release|x86
		{644F624B-579B-4938-A7C3-A2F907D52C31}.Ad-Hoc|x86.Build.0 = Release|x86
		{644F624B-579B-4938-A7C3-A2F907D52C31}.Ad-Hoc|x86.Deploy.0 = Release|x86
		{644F624B-579B-4938-A7C3-A2F907D52C31}.AppStore|Any CPU.ActiveCfg = Release|x86
		{644F624B-579B-4938-A7C3-A2F907D52C31}.AppStore|Any CPU.Build.0 = Release|x86
		{644F624B-579B-4938-A7C3-A2F907D52C31}.AppStore|Any CPU.Deploy.0 = Release|x86
		{644F624B-579B-4938-A7C3-A2F907D52C31}.AppStore|ARM.ActiveCfg = Release|ARM
		{644F624B-579B-4938-A7C3-A2F907D52C31}.AppStore|ARM.Build.0 = Release|ARM
		{644F624B-579B-4938-A7C3-A2F907D52C31}.AppStore|ARM.Deploy.0 = Release|ARM
		{644F624B-579B-4938-A7C3-A2F907D52C31}.AppStore|iPhone.ActiveCfg = Release|x86
		{644F624B-579B-4938-A7C3-A2F907D52C31}.AppStore|iPhone.Build.0 = Release|x86
		{644F624B-579B-4938-A7C3-A2F907D52C31}.AppStore|iPhone.Deploy.0 = Release|x86
		{644F624B-579B-4938-A7C3-A2F907D52C31}.AppStore|iPhoneSimulator.ActiveCfg = Release|x86
		{644F624B-579B-4938-A7C3-A2F907D52C31}.AppStore|iPhoneSimulator.Build.0 = Release|x86
		{644F624B-579B-4938-A7C3-A2F907D52C31}.AppStore|iPhoneSimulator.Deploy.0 = Release|x86
		{644F624B-579B-4938-A7C3-A2F907D52C31}.AppStore|x64.ActiveCfg = Release|x64
		{644F624B-579B-4938-A7C3-A2F907D52C31}.AppStore|x64.Build.0 = Release|x64
		{644F624B-579B-4938-A7C3-A2F907D52C31}.AppStore|x64.Deploy.0 = Release|x64
		{644F624B-579B-4938-A7C3-A2F907D52C31}.AppStore|x86.ActiveCfg = Release|x86
		{644F624B-579B-4938-A7C3-A2F907D52C31}.AppStore|x86.Build.0 = Release|x86
		{644F624B-579B-4938-A7C3-A2F907D52C31}.AppStore|x86.Deploy.0 = Release|x86
		{644F624B-579B-4938-A7C3-A2F907D52C31}.Debug|Any CPU.ActiveCfg = Debug|x86
		{644F624B-579B-4938-A7C3-A2F907D52C31}.Debug|ARM.ActiveCfg = Debug|ARM
		{644F624B-579B-4938-A7C3-A2F907D52C31}.Debug|ARM.Build.0 = Debug|ARM
		{644F624B-579B-4938-A7C3-A2F907D52C31}.Debug|ARM.Deploy.0 = Debug|ARM
		{644F624B-579B-4938-A7C3-A2F907D52C31}.Debug|iPhone.ActiveCfg = Debug|x86
		{644F624B-579B-4938-A7C3-A2F907D52C31}.Debug|iPhoneSimulator.ActiveCfg = Debug|x86
		{644F624B-579B-4938-A7C3-A2F907D52C31}.Debug|x64.ActiveCfg = Debug|x64
		{644F624B-579B-4938-A7C3-A2F907D52C31}.Debug|x64.Build.0 = Debug|x64
		{644F624B-579B-4938-A7C3-A2F907D52C31}.Debug|x64.Deploy.0 = Debug|x64
		{644F624B-579B-4938-A7C3-A2F907D52C31}.Debug|x86.ActiveCfg = Debug|x86
		{644F624B-579B-4938-A7C3-A2F907D52C31}.Debug|x86.Build.0 = Debug|x86
		{644F624B-579B-4938-A7C3-A2F907D52C31}.Debug|x86.Deploy.0 = Debug|x86
		{644F624B-579B-4938-A7C3-A2F907D52C31}.Release|Any CPU.ActiveCfg = Release|x86
		{644F624B-579B-4938-A7C3-A2F907D52C31}.Release|ARM.ActiveCfg = Release|ARM
		{644F624B-579B-4938-A7C3-A2F907D52C31}.Release|ARM.Build.0 = Release|ARM
		{644F624B-579B-4938-A7C3-A2F907D52C31}.Release|ARM.Deploy.0 = Release|ARM
		{644F624B-579B-4938-A7C3-A2F907D52C31}.Release|iPhone.ActiveCfg = Release|x86
		{644F624B-579B-4938-A7C3-A2F907D52C31}.Release|iPhoneSimulator.ActiveCfg = Release|x86
		{644F624B-579B-4938-A7C3-A2F907D52C31}.Release|x64.ActiveCfg = Release|x64
		{644F624B-579B-4938-A7C3-A2F907D52C31}.Release|x64.Build.0 = Release|x64
		{644F624B-579B-4938-A7C3-A2F907D52C31}.Release|x64.Deploy.0 = Release|x64
		{644F624B-579B-4938-A7C3-A2F907D52C31}.Release|x86.ActiveCfg = Release|x86
		{644F624B-579B-4938-A7C3-A2F907D52C31}.Release|x86.Build.0 = Release|x86
		{644F624B-579B-4938-A7C3-A2F907D52C31}.Release|x86.Deploy.0 = Release|x86
		{D7B7D39C-A6E7-49CF-B198-0DDC0B93D053}.Ad-Hoc|Any CPU.ActiveCfg = Release|Any CPU
		{D7B7D39C-A6E7-49CF-B198-0DDC0B93D053}.Ad-Hoc|Any CPU.Build.0 = Release|Any CPU
		{D7B7D39C-A6E7-49CF-B198-0DDC0B93D053}.Ad-Hoc|Any CPU.Deploy.0 = Release|Any CPU
		{D7B7D39C-A6E7-49CF-B198-0DDC0B93D053}.Ad-Hoc|ARM.ActiveCfg = Release|ARM
		{D7B7D39C-A6E7-49CF-B198-0DDC0B93D053}.Ad-Hoc|ARM.Build.0 = Release|ARM
		{D7B7D39C-A6E7-49CF-B198-0DDC0B93D053}.Ad-Hoc|ARM.Deploy.0 = Release|ARM
		{D7B7D39C-A6E7-49CF-B198-0DDC0B93D053}.Ad-Hoc|iPhone.ActiveCfg = Release|Any CPU
		{D7B7D39C-A6E7-49CF-B198-0DDC0B93D053}.Ad-Hoc|iPhone.Build.0 = Release|Any CPU
		{D7B7D39C-A6E7-49CF-B198-0DDC0B93D053}.Ad-Hoc|iPhone.Deploy.0 = Release|Any CPU
		{D7B7D39C-A6E7-49CF-B198-0DDC0B93D053}.Ad-Hoc|iPhoneSimulator.ActiveCfg = Release|Any CPU
		{D7B7D39C-A6E7-49CF-B198-0DDC0B93D053}.Ad-Hoc|iPhoneSimulator.Build.0 = Release|Any CPU
		{D7B7D39C-A6E7-49CF-B198-0DDC0B93D053}.Ad-Hoc|iPhoneSimulator.Deploy.0 = Release|Any CPU
		{D7B7D39C-A6E7-49CF-B198-0DDC0B93D053}.Ad-Hoc|x64.ActiveCfg = Release|x64
		{D7B7D39C-A6E7-49CF-B198-0DDC0B93D053}.Ad-Hoc|x64.Build.0 = Release|x64
		{D7B7D39C-A6E7-49CF-B198-0DDC0B93D053}.Ad-Hoc|x64.Deploy.0 = Release|x64
		{D7B7D39C-A6E7-49CF-B198-0DDC0B93D053}.Ad-Hoc|x86.ActiveCfg = Release|x86
		{D7B7D39C-A6E7-49CF-B198-0DDC0B93D053}.Ad-Hoc|x86.Build.0 = Release|x86
		{D7B7D39C-A6E7-49CF-B198-0DDC0B93D053}.Ad-Hoc|x86.Deploy.0 = Release|x86
		{D7B7D39C-A6E7-49CF-B198-0DDC0B93D053}.AppStore|Any CPU.ActiveCfg = Release|Any CPU
		{D7B7D39C-A6E7-49CF-B198-0DDC0B93D053}.AppStore|Any CPU.Build.0 = Release|Any CPU
		{D7B7D39C-A6E7-49CF-B198-0DDC0B93D053}.AppStore|Any CPU.Deploy.0 = Release|Any CPU
		{D7B7D39C-A6E7-49CF-B198-0DDC0B93D053}.AppStore|ARM.ActiveCfg = Release|ARM
		{D7B7D39C-A6E7-49CF-B198-0DDC0B93D053}.AppStore|ARM.Build.0 = Release|ARM
		{D7B7D39C-A6E7-49CF-B198-0DDC0B93D053}.AppStore|ARM.Deploy.0 = Release|ARM
		{D7B7D39C-A6E7-49CF-B198-0DDC0B93D053}.AppStore|iPhone.ActiveCfg = Release|Any CPU
		{D7B7D39C-A6E7-49CF-B198-0DDC0B93D053}.AppStore|iPhone.Build.0 = Release|Any CPU
		{D7B7D39C-A6E7-49CF-B198-0DDC0B93D053}.AppStore|iPhone.Deploy.0 = Release|Any CPU
		{D7B7D39C-A6E7-49CF-B198-0DDC0B93D053}.AppStore|iPhoneSimulator.ActiveCfg = Release|Any CPU
		{D7B7D39C-A6E7-49CF-B198-0DDC0B93D053}.AppStore|iPhoneSimulator.Build.0 = Release|Any CPU
		{D7B7D39C-A6E7-49CF-B198-0DDC0B93D053}.AppStore|iPhoneSimulator.Deploy.0 = Release|Any CPU
		{D7B7D39C-A6E7-49CF-B198-0DDC0B93D053}.AppStore|x64.ActiveCfg = Release|x64
		{D7B7D39C-A6E7-49CF-B198-0DDC0B93D053}.AppStore|x64.Build.0 = Release|x64
		{D7B7D39C-A6E7-49CF-B198-0DDC0B93D053}.AppStore|x64.Deploy.0 = Release|x64
		{D7B7D39C-A6E7-49CF-B198-0DDC0B93D053}.AppStore|x86.ActiveCfg = Release|x86
		{D7B7D39C-A6E7-49CF-B198-0DDC0B93D053}.AppStore|x86.Build.0 = Release|x86
		{D7B7D39C-A6E7-49CF-B198-0DDC0B93D053}.AppStore|x86.Deploy.0 = Release|x86
		{D7B7D39C-A6E7-49CF-B198-0DDC0B93D053}.Debug|Any CPU.ActiveCfg = Debug|Any CPU
		{D7B7D39C-A6E7-49CF-B198-0DDC0B93D053}.Debug|Any CPU.Build.0 = Debug|Any CPU
		{D7B7D39C-A6E7-49CF-B198-0DDC0B93D053}.Debug|Any CPU.Deploy.0 = Debug|Any CPU
		{D7B7D39C-A6E7-49CF-B198-0DDC0B93D053}.Debug|ARM.ActiveCfg = Debug|ARM
		{D7B7D39C-A6E7-49CF-B198-0DDC0B93D053}.Debug|ARM.Build.0 = Debug|ARM
		{D7B7D39C-A6E7-49CF-B198-0DDC0B93D053}.Debug|ARM.Deploy.0 = Debug|ARM
		{D7B7D39C-A6E7-49CF-B198-0DDC0B93D053}.Debug|iPhone.ActiveCfg = Debug|Any CPU
		{D7B7D39C-A6E7-49CF-B198-0DDC0B93D053}.Debug|iPhone.Build.0 = Debug|Any CPU
		{D7B7D39C-A6E7-49CF-B198-0DDC0B93D053}.Debug|iPhone.Deploy.0 = Debug|Any CPU
		{D7B7D39C-A6E7-49CF-B198-0DDC0B93D053}.Debug|iPhoneSimulator.ActiveCfg = Debug|Any CPU
		{D7B7D39C-A6E7-49CF-B198-0DDC0B93D053}.Debug|iPhoneSimulator.Build.0 = Debug|Any CPU
		{D7B7D39C-A6E7-49CF-B198-0DDC0B93D053}.Debug|iPhoneSimulator.Deploy.0 = Debug|Any CPU
		{D7B7D39C-A6E7-49CF-B198-0DDC0B93D053}.Debug|x64.ActiveCfg = Debug|x64
		{D7B7D39C-A6E7-49CF-B198-0DDC0B93D053}.Debug|x64.Build.0 = Debug|x64
		{D7B7D39C-A6E7-49CF-B198-0DDC0B93D053}.Debug|x64.Deploy.0 = Debug|x64
		{D7B7D39C-A6E7-49CF-B198-0DDC0B93D053}.Debug|x86.ActiveCfg = Debug|x86
		{D7B7D39C-A6E7-49CF-B198-0DDC0B93D053}.Debug|x86.Build.0 = Debug|x86
		{D7B7D39C-A6E7-49CF-B198-0DDC0B93D053}.Debug|x86.Deploy.0 = Debug|x86
		{D7B7D39C-A6E7-49CF-B198-0DDC0B93D053}.Release|Any CPU.ActiveCfg = Release|Any CPU
		{D7B7D39C-A6E7-49CF-B198-0DDC0B93D053}.Release|Any CPU.Build.0 = Release|Any CPU
		{D7B7D39C-A6E7-49CF-B198-0DDC0B93D053}.Release|Any CPU.Deploy.0 = Release|Any CPU
		{D7B7D39C-A6E7-49CF-B198-0DDC0B93D053}.Release|ARM.ActiveCfg = Release|ARM
		{D7B7D39C-A6E7-49CF-B198-0DDC0B93D053}.Release|ARM.Build.0 = Release|ARM
		{D7B7D39C-A6E7-49CF-B198-0DDC0B93D053}.Release|ARM.Deploy.0 = Release|ARM
		{D7B7D39C-A6E7-49CF-B198-0DDC0B93D053}.Release|iPhone.ActiveCfg = Release|Any CPU
		{D7B7D39C-A6E7-49CF-B198-0DDC0B93D053}.Release|iPhone.Build.0 = Release|Any CPU
		{D7B7D39C-A6E7-49CF-B198-0DDC0B93D053}.Release|iPhone.Deploy.0 = Release|Any CPU
		{D7B7D39C-A6E7-49CF-B198-0DDC0B93D053}.Release|iPhoneSimulator.ActiveCfg = Release|Any CPU
		{D7B7D39C-A6E7-49CF-B198-0DDC0B93D053}.Release|iPhoneSimulator.Build.0 = Release|Any CPU
		{D7B7D39C-A6E7-49CF-B198-0DDC0B93D053}.Release|iPhoneSimulator.Deploy.0 = Release|Any CPU
		{D7B7D39C-A6E7-49CF-B198-0DDC0B93D053}.Release|x64.ActiveCfg = Release|x64
		{D7B7D39C-A6E7-49CF-B198-0DDC0B93D053}.Release|x64.Build.0 = Release|x64
		{D7B7D39C-A6E7-49CF-B198-0DDC0B93D053}.Release|x64.Deploy.0 = Release|x64
		{D7B7D39C-A6E7-49CF-B198-0DDC0B93D053}.Release|x86.ActiveCfg = Release|x86
		{D7B7D39C-A6E7-49CF-B198-0DDC0B93D053}.Release|x86.Build.0 = Release|x86
		{D7B7D39C-A6E7-49CF-B198-0DDC0B93D053}.Release|x86.Deploy.0 = Release|x86
		{AA9B8F8F-9B63-43D0-8FFC-55566201F580}.Ad-Hoc|Any CPU.ActiveCfg = Release|Any CPU
		{AA9B8F8F-9B63-43D0-8FFC-55566201F580}.Ad-Hoc|Any CPU.Build.0 = Release|Any CPU
		{AA9B8F8F-9B63-43D0-8FFC-55566201F580}.Ad-Hoc|ARM.ActiveCfg = Release|Any CPU
		{AA9B8F8F-9B63-43D0-8FFC-55566201F580}.Ad-Hoc|ARM.Build.0 = Release|Any CPU
		{AA9B8F8F-9B63-43D0-8FFC-55566201F580}.Ad-Hoc|iPhone.ActiveCfg = Release|Any CPU
		{AA9B8F8F-9B63-43D0-8FFC-55566201F580}.Ad-Hoc|iPhone.Build.0 = Release|Any CPU
		{AA9B8F8F-9B63-43D0-8FFC-55566201F580}.Ad-Hoc|iPhoneSimulator.ActiveCfg = Release|Any CPU
		{AA9B8F8F-9B63-43D0-8FFC-55566201F580}.Ad-Hoc|iPhoneSimulator.Build.0 = Release|Any CPU
		{AA9B8F8F-9B63-43D0-8FFC-55566201F580}.Ad-Hoc|x64.ActiveCfg = Release|Any CPU
		{AA9B8F8F-9B63-43D0-8FFC-55566201F580}.Ad-Hoc|x64.Build.0 = Release|Any CPU
		{AA9B8F8F-9B63-43D0-8FFC-55566201F580}.Ad-Hoc|x86.ActiveCfg = Release|Any CPU
		{AA9B8F8F-9B63-43D0-8FFC-55566201F580}.Ad-Hoc|x86.Build.0 = Release|Any CPU
		{AA9B8F8F-9B63-43D0-8FFC-55566201F580}.AppStore|Any CPU.ActiveCfg = Release|Any CPU
		{AA9B8F8F-9B63-43D0-8FFC-55566201F580}.AppStore|Any CPU.Build.0 = Release|Any CPU
		{AA9B8F8F-9B63-43D0-8FFC-55566201F580}.AppStore|ARM.ActiveCfg = Release|Any CPU
		{AA9B8F8F-9B63-43D0-8FFC-55566201F580}.AppStore|ARM.Build.0 = Release|Any CPU
		{AA9B8F8F-9B63-43D0-8FFC-55566201F580}.AppStore|iPhone.ActiveCfg = Release|Any CPU
		{AA9B8F8F-9B63-43D0-8FFC-55566201F580}.AppStore|iPhone.Build.0 = Release|Any CPU
		{AA9B8F8F-9B63-43D0-8FFC-55566201F580}.AppStore|iPhoneSimulator.ActiveCfg = Release|Any CPU
		{AA9B8F8F-9B63-43D0-8FFC-55566201F580}.AppStore|iPhoneSimulator.Build.0 = Release|Any CPU
		{AA9B8F8F-9B63-43D0-8FFC-55566201F580}.AppStore|x64.ActiveCfg = Release|Any CPU
		{AA9B8F8F-9B63-43D0-8FFC-55566201F580}.AppStore|x64.Build.0 = Release|Any CPU
		{AA9B8F8F-9B63-43D0-8FFC-55566201F580}.AppStore|x86.ActiveCfg = Release|Any CPU
		{AA9B8F8F-9B63-43D0-8FFC-55566201F580}.AppStore|x86.Build.0 = Release|Any CPU
		{AA9B8F8F-9B63-43D0-8FFC-55566201F580}.Debug|Any CPU.ActiveCfg = Debug|Any CPU
		{AA9B8F8F-9B63-43D0-8FFC-55566201F580}.Debug|Any CPU.Build.0 = Debug|Any CPU
		{AA9B8F8F-9B63-43D0-8FFC-55566201F580}.Debug|ARM.ActiveCfg = Debug|Any CPU
		{AA9B8F8F-9B63-43D0-8FFC-55566201F580}.Debug|ARM.Build.0 = Debug|Any CPU
		{AA9B8F8F-9B63-43D0-8FFC-55566201F580}.Debug|iPhone.ActiveCfg = Debug|Any CPU
		{AA9B8F8F-9B63-43D0-8FFC-55566201F580}.Debug|iPhone.Build.0 = Debug|Any CPU
		{AA9B8F8F-9B63-43D0-8FFC-55566201F580}.Debug|iPhoneSimulator.ActiveCfg = Debug|Any CPU
		{AA9B8F8F-9B63-43D0-8FFC-55566201F580}.Debug|iPhoneSimulator.Build.0 = Debug|Any CPU
		{AA9B8F8F-9B63-43D0-8FFC-55566201F580}.Debug|x64.ActiveCfg = Debug|Any CPU
		{AA9B8F8F-9B63-43D0-8FFC-55566201F580}.Debug|x64.Build.0 = Debug|Any CPU
		{AA9B8F8F-9B63-43D0-8FFC-55566201F580}.Debug|x86.ActiveCfg = Debug|Any CPU
		{AA9B8F8F-9B63-43D0-8FFC-55566201F580}.Debug|x86.Build.0 = Debug|Any CPU
		{AA9B8F8F-9B63-43D0-8FFC-55566201F580}.Release|Any CPU.ActiveCfg = Release|Any CPU
		{AA9B8F8F-9B63-43D0-8FFC-55566201F580}.Release|Any CPU.Build.0 = Release|Any CPU
		{AA9B8F8F-9B63-43D0-8FFC-55566201F580}.Release|ARM.ActiveCfg = Release|Any CPU
		{AA9B8F8F-9B63-43D0-8FFC-55566201F580}.Release|ARM.Build.0 = Release|Any CPU
		{AA9B8F8F-9B63-43D0-8FFC-55566201F580}.Release|iPhone.ActiveCfg = Release|Any CPU
		{AA9B8F8F-9B63-43D0-8FFC-55566201F580}.Release|iPhone.Build.0 = Release|Any CPU
		{AA9B8F8F-9B63-43D0-8FFC-55566201F580}.Release|iPhoneSimulator.ActiveCfg = Release|Any CPU
		{AA9B8F8F-9B63-43D0-8FFC-55566201F580}.Release|iPhoneSimulator.Build.0 = Release|Any CPU
		{AA9B8F8F-9B63-43D0-8FFC-55566201F580}.Release|x64.ActiveCfg = Release|Any CPU
		{AA9B8F8F-9B63-43D0-8FFC-55566201F580}.Release|x64.Build.0 = Release|Any CPU
		{AA9B8F8F-9B63-43D0-8FFC-55566201F580}.Release|x86.ActiveCfg = Release|Any CPU
		{AA9B8F8F-9B63-43D0-8FFC-55566201F580}.Release|x86.Build.0 = Release|Any CPU
	EndGlobalSection
	GlobalSection(SolutionProperties) = preSolution
		HideSolutionNode = FALSE
	EndGlobalSection
EndGlobal
